
Microsoft Visual Studio Solution File, Format Version 12.00
# Visual Studio Version 17
VisualStudioVersion = 17.2.32616.157
MinimumVisualStudioVersion = 10.0.40219.1
Project("{FAE04EC0-301F-11D3-BF4B-00C04F79EFBC}") = "whatthecount.Android", "whatthecount\whatthecount.Android\whatthecount.Android.csproj", "{DE2BA70D-C741-47C5-BEBC-EAA6E80FC58E}"
EndProject
Project("{FAE04EC0-301F-11D3-BF4B-00C04F79EFBC}") = "whatthecount", "whatthecount\whatthecount\whatthecount.csproj", "{C97D221D-C49A-4646-ADFB-9E4BFC75621E}"
EndProject
Global
	GlobalSection(SolutionConfigurationPlatforms) = preSolution
		Debug|Any CPU = Debug|Any CPU
		Release|Any CPU = Release|Any CPU
	EndGlobalSection
	GlobalSection(ProjectConfigurationPlatforms) = postSolution
		{DE2BA70D-C741-47C5-BEBC-EAA6E80FC58E}.Debug|Any CPU.ActiveCfg = Debug|Any CPU
		{DE2BA70D-C741-47C5-BEBC-EAA6E80FC58E}.Debug|Any CPU.Build.0 = Debug|Any CPU
		{DE2BA70D-C741-47C5-BEBC-EAA6E80FC58E}.Debug|Any CPU.Deploy.0 = Debug|Any CPU
		{DE2BA70D-C741-47C5-BEBC-EAA6E80FC58E}.Release|Any CPU.ActiveCfg = Release|Any CPU
		{DE2BA70D-C741-47C5-BEBC-EAA6E80FC58E}.Release|Any CPU.Build.0 = Release|Any CPU
		{DE2BA70D-C741-47C5-BEBC-EAA6E80FC58E}.Release|Any CPU.Deploy.0 = Release|Any CPU
		{C97D221D-C49A-4646-ADFB-9E4BFC75621E}.Debug|Any CPU.ActiveCfg = Debug|Any CPU
		{C97D221D-C49A-4646-ADFB-9E4BFC75621E}.Debug|Any CPU.Build.0 = Debug|Any CPU
		{C97D221D-C49A-4646-ADFB-9E4BFC75621E}.Release|Any CPU.ActiveCfg = Release|Any CPU
		{C97D221D-C49A-4646-ADFB-9E4BFC75621E}.Release|Any CPU.Build.0 = Release|Any CPU
	EndGlobalSection
	GlobalSection(SolutionProperties) = preSolution
		HideSolutionNode = FALSE
	EndGlobalSection
	GlobalSection(ExtensibilityGlobals) = postSolution
		SolutionGuid = {BF2EFBCE-4D08-4C73-9CFB-4EA2EC43C7B3}
	EndGlobalSection
EndGlobal
